
Microsoft Visual Studio Solution File, Format Version 12.00
# Visual Studio 15
VisualStudioVersion = 15.0.26403.7
MinimumVisualStudioVersion = 10.0.40219.1
Project("{8BC9CEB8-8B4A-11D0-8D11-00A0C91BC942}") = "atcoder regular contest 080", "atcoder regular contest 080\atcoder regular contest 080.vcxproj", "{1155A6A0-FE69-4EE3-90B5-898BFFA8FEFB}"
EndProject
Global
	GlobalSection(SolutionConfigurationPlatforms) = preSolution
		Debug|x64 = Debug|x64
		Debug|x86 = Debug|x86
		Release|x64 = Release|x64
		Release|x86 = Release|x86
	EndGlobalSection
	GlobalSection(ProjectConfigurationPlatforms) = postSolution
		{1155A6A0-FE69-4EE3-90B5-898BFFA8FEFB}.Debug|x64.ActiveCfg = Debug|x64
		{1155A6A0-FE69-4EE3-90B5-898BFFA8FEFB}.Debug|x64.Build.0 = Debug|x64
		{1155A6A0-FE69-4EE3-90B5-898BFFA8FEFB}.Debug|x86.ActiveCfg = Debug|Win32
		{1155A6A0-FE69-4EE3-90B5-898BFFA8FEFB}.Debug|x86.Build.0 = Debug|Win32
		{1155A6A0-FE69-4EE3-90B5-898BFFA8FEFB}.Release|x64.ActiveCfg = Release|x64
		{1155A6A0-FE69-4EE3-90B5-898BFFA8FEFB}.Release|x64.Build.0 = Release|x64
		{1155A6A0-FE69-4EE3-90B5-898BFFA8FEFB}.Release|x86.ActiveCfg = Release|Win32
		{1155A6A0-FE69-4EE3-90B5-898BFFA8FEFB}.Release|x86.Build.0 = Release|Win32
	EndGlobalSection
	GlobalSection(SolutionProperties) = preSolution
		HideSolutionNode = FALSE
	EndGlobalSection
EndGlobal
